
Microsoft Visual Studio Solution File, Format Version 12.00
# Visual Studio 15
VisualStudioVersion = 15.0.27703.2042
MinimumVisualStudioVersion = 10.0.40219.1
Project("{FAE04EC0-301F-11D3-BF4B-00C04F79EFBC}") = "SimpleMethod", "SimpleMethod\SimpleMethod.csproj", "{A3F48620-F26A-49CE-B24C-C89D37DB492C}"
EndProject
Global
	GlobalSection(SolutionConfigurationPlatforms) = preSolution
		Debug|Any CPU = Debug|Any CPU
		Release|Any CPU = Release|Any CPU
	EndGlobalSection
	GlobalSection(ProjectConfigurationPlatforms) = postSolution
		{A3F48620-F26A-49CE-B24C-C89D37DB492C}.Debug|Any CPU.ActiveCfg = Debug|Any CPU
		{A3F48620-F26A-49CE-B24C-C89D37DB492C}.Debug|Any CPU.Build.0 = Debug|Any CPU
		{A3F48620-F26A-49CE-B24C-C89D37DB492C}.Release|Any CPU.ActiveCfg = Release|Any CPU
		{A3F48620-F26A-49CE-B24C-C89D37DB492C}.Release|Any CPU.Build.0 = Release|Any CPU
	EndGlobalSection
	GlobalSection(SolutionProperties) = preSolution
		HideSolutionNode = FALSE
	EndGlobalSection
	GlobalSection(ExtensibilityGlobals) = postSolution
		SolutionGuid = {B4A7C58C-FB04-4F06-BCB1-E70CC33A21C9}
	EndGlobalSection
EndGlobal
